
Microsoft Visual Studio Solution File, Format Version 12.00
# Visual Studio 15
VisualStudioVersion = 15.0.26730.16
MinimumVisualStudioVersion = 10.0.40219.1
Project("{FAE04EC0-301F-11D3-BF4B-00C04F79EFBC}") = "DiskCleanup", "DiskCleanup\DiskCleanup.csproj", "{DCC32A48-49E7-4194-8E96-72A0B71B2D50}"
EndProject
Global
	GlobalSection(SolutionConfigurationPlatforms) = preSolution
		Debug|Any CPU = Debug|Any CPU
		Release|Any CPU = Release|Any CPU
	EndGlobalSection
	GlobalSection(ProjectConfigurationPlatforms) = postSolution
		{DCC32A48-49E7-4194-8E96-72A0B71B2D50}.Debug|Any CPU.ActiveCfg = Debug|Any CPU
		{DCC32A48-49E7-4194-8E96-72A0B71B2D50}.Debug|Any CPU.Build.0 = Debug|Any CPU
		{DCC32A48-49E7-4194-8E96-72A0B71B2D50}.Release|Any CPU.ActiveCfg = Release|Any CPU
		{DCC32A48-49E7-4194-8E96-72A0B71B2D50}.Release|Any CPU.Build.0 = Release|Any CPU
	EndGlobalSection
	GlobalSection(SolutionProperties) = preSolution
		HideSolutionNode = FALSE
	EndGlobalSection
	GlobalSection(ExtensibilityGlobals) = postSolution
		SolutionGuid = {4F67A575-3A3D-472F-B161-A3317405BCD0}
	EndGlobalSection
EndGlobal
